
Microsoft Visual Studio Solution File, Format Version 12.00
# Visual Studio 14
VisualStudioVersion = 14.0.25123.0
MinimumVisualStudioVersion = 10.0.40219.1
Project("{FAE04EC0-301F-11D3-BF4B-00C04F79EFBC}") = "Mattt_Meredith_tuner", "Mattt_Meredith_tuner\Mattt_Meredith_tuner.csproj", "{D24FF1C3-089F-4D60-8547-77B65D4C5C49}"
EndProject
Global
	GlobalSection(SolutionConfigurationPlatforms) = preSolution
		Debug|Any CPU = Debug|Any CPU
		Release|Any CPU = Release|Any CPU
	EndGlobalSection
	GlobalSection(ProjectConfigurationPlatforms) = postSolution
		{D24FF1C3-089F-4D60-8547-77B65D4C5C49}.Debug|Any CPU.ActiveCfg = Debug|Any CPU
		{D24FF1C3-089F-4D60-8547-77B65D4C5C49}.Debug|Any CPU.Build.0 = Debug|Any CPU
		{D24FF1C3-089F-4D60-8547-77B65D4C5C49}.Release|Any CPU.ActiveCfg = Release|Any CPU
		{D24FF1C3-089F-4D60-8547-77B65D4C5C49}.Release|Any CPU.Build.0 = Release|Any CPU
	EndGlobalSection
	GlobalSection(SolutionProperties) = preSolution
		HideSolutionNode = FALSE
	EndGlobalSection
EndGlobal
